// !$*UTF8*$!
{
	archiveVersion = 1;
	classes = {
	};
	objectVersion = 56;
	objects = {

/* Begin PBXBuildFile section */
		71C5B1322D442FF20009FC28 /* main.cpp in Sources */ = {isa = PBXBuildFile; fileRef = 71C5B1312D442FF20009FC28 /* main.cpp */; };
		71C5B13D2D44302D0009FC28 /* ShaderProgram.cpp in Sources */ = {isa = PBXBuildFile; fileRef = 71C5B13C2D44302D0009FC28 /* ShaderProgram.cpp */; };
		71C5B1402D4430F70009FC28 /* OpenGL.framework in Frameworks */ = {isa = PBXBuildFile; fileRef = 71C5B13F2D4430F70009FC28 /* OpenGL.framework */; };
		71C5B1422D4431030009FC28 /* Cocoa.framework in Frameworks */ = {isa = PBXBuildFile; fileRef = 71C5B1412D4431030009FC28 /* Cocoa.framework */; };
		71C5B1472D4431350009FC28 /* SDL2_image.framework in Frameworks */ = {isa = PBXBuildFile; fileRef = 71C5B1442D4431350009FC28 /* SDL2_image.framework */; };
		71C5B1482D4431350009FC28 /* SDL2_mixer.framework in Frameworks */ = {isa = PBXBuildFile; fileRef = 71C5B1452D4431350009FC28 /* SDL2_mixer.framework */; };
		71C5B1492D4431570009FC28 /* shaders in Copy Files */ = {isa = PBXBuildFile; fileRef = 71C5B13A2D44302D0009FC28 /* shaders */; };
		71C5B1632D4D6B900009FC28 /* SDL2.framework in Frameworks */ = {isa = PBXBuildFile; fileRef = 71C5B1432D4431350009FC28 /* SDL2.framework */; };
/* End PBXBuildFile section */

/* Begin PBXCopyFilesBuildPhase section */
		71C5B12C2D442FF20009FC28 /* Copy Files */ = {
			isa = PBXCopyFilesBuildPhase;
			buildActionMask = 2147483647;
			dstPath = "";
			dstSubfolderSpec = 6;
			files = (
				71C5B1492D4431570009FC28 /* shaders in Copy Files */,
			);
			name = "Copy Files";
			runOnlyForDeploymentPostprocessing = 1;
		};
/* End PBXCopyFilesBuildPhase section */

/* Begin PBXFileReference section */
		71C5B12E2D442FF20009FC28 /* SDL_Simple */ = {isa = PBXFileReference; explicitFileType = "compiled.mach-o.executable"; includeInIndex = 0; path = SDL_Simple; sourceTree = BUILT_PRODUCTS_DIR; };
		71C5B1312D442FF20009FC28 /* main.cpp */ = {isa = PBXFileReference; lastKnownFileType = sourcecode.cpp.cpp; path = main.cpp; sourceTree = "<group>"; };
		71C5B1382D44302D0009FC28 /* ShaderProgram.h */ = {isa = PBXFileReference; fileEncoding = 4; lastKnownFileType = sourcecode.c.h; path = ShaderProgram.h; sourceTree = "<group>"; };
		71C5B1392D44302D0009FC28 /* stb_image.h */ = {isa = PBXFileReference; fileEncoding = 4; lastKnownFileType = sourcecode.c.h; path = stb_image.h; sourceTree = "<group>"; };
		71C5B13A2D44302D0009FC28 /* shaders */ = {isa = PBXFileReference; lastKnownFileType = folder; path = shaders; sourceTree = "<group>"; };
		71C5B13B2D44302D0009FC28 /* glm */ = {isa = PBXFileReference; lastKnownFileType = folder; path = glm; sourceTree = "<group>"; };
		71C5B13C2D44302D0009FC28 /* ShaderProgram.cpp */ = {isa = PBXFileReference; fileEncoding = 4; lastKnownFileType = sourcecode.cpp.cpp; path = ShaderProgram.cpp; sourceTree = "<group>"; };
		71C5B13F2D4430F70009FC28 /* OpenGL.framework */ = {isa = PBXFileReference; lastKnownFileType = wrapper.framework; name = OpenGL.framework; path = System/Library/Frameworks/OpenGL.framework; sourceTree = SDKROOT; };
		71C5B1412D4431030009FC28 /* Cocoa.framework */ = {isa = PBXFileReference; lastKnownFileType = wrapper.framework; name = Cocoa.framework; path = System/Library/Frameworks/Cocoa.framework; sourceTree = SDKROOT; };
		71C5B1432D4431350009FC28 /* SDL2.framework */ = {isa = PBXFileReference; lastKnownFileType = wrapper.framework; name = SDL2.framework; path = ../../../../Library/Frameworks/SDL2.framework; sourceTree = "<group>"; };
		71C5B1442D4431350009FC28 /* SDL2_image.framework */ = {isa = PBXFileReference; lastKnownFileType = wrapper.framework; name = SDL2_image.framework; path = ../../../../Library/Frameworks/SDL2_image.framework; sourceTree = "<group>"; };
		71C5B1452D4431350009FC28 /* SDL2_mixer.framework */ = {isa = PBXFileReference; lastKnownFileType = wrapper.framework; name = SDL2_mixer.framework; path = ../../../../Library/Frameworks/SDL2_mixer.framework; sourceTree = "<group>"; };
/* End PBXFileReference section */

/* Begin PBXFrameworksBuildPhase section */
		71C5B12B2D442FF20009FC28 /* Frameworks */ = {
			isa = PBXFrameworksBuildPhase;
			buildActionMask = 2147483647;
			files = (
				71C5B1632D4D6B900009FC28 /* SDL2.framework in Frameworks */,
				71C5B1472D4431350009FC28 /* SDL2_image.framework in Frameworks */,
				71C5B1482D4431350009FC28 /* SDL2_mixer.framework in Frameworks */,
				71C5B1422D4431030009FC28 /* Cocoa.framework in Frameworks */,
				71C5B1402D4430F70009FC28 /* OpenGL.framework in Frameworks */,
			);
			runOnlyForDeploymentPostprocessing = 0;
		};
/* End PBXFrameworksBuildPhase section */

/* Begin PBXGroup section */
		71C5B1252D442FF20009FC28 = {
			isa = PBXGroup;
			children = (
				71C5B1302D442FF20009FC28 /* SDL_Simple */,
				71C5B12F2D442FF20009FC28 /* Products */,
				71C5B13E2D4430F60009FC28 /* Frameworks */,
			);
			sourceTree = "<group>";
		};
		71C5B12F2D442FF20009FC28 /* Products */ = {
			isa = PBXGroup;
			children = (
				71C5B12E2D442FF20009FC28 /* SDL_Simple */,
			);
			name = Products;
			sourceTree = "<group>";
		};
		71C5B1302D442FF20009FC28 /* SDL_Simple */ = {
			isa = PBXGroup;
			children = (
				71C5B1312D442FF20009FC28 /* main.cpp */,
				71C5B13B2D44302D0009FC28 /* glm */,
				71C5B13C2D44302D0009FC28 /* ShaderProgram.cpp */,
				71C5B1382D44302D0009FC28 /* ShaderProgram.h */,
				71C5B13A2D44302D0009FC28 /* shaders */,
				71C5B1392D44302D0009FC28 /* stb_image.h */,
			);
			path = SDL_Simple;
			sourceTree = "<group>";
		};
		71C5B13E2D4430F60009FC28 /* Frameworks */ = {
			isa = PBXGroup;
			children = (
				71C5B1442D4431350009FC28 /* SDL2_image.framework */,
				71C5B1452D4431350009FC28 /* SDL2_mixer.framework */,
				71C5B1432D4431350009FC28 /* SDL2.framework */,
				71C5B1412D4431030009FC28 /* Cocoa.framework */,
				71C5B13F2D4430F70009FC28 /* OpenGL.framework */,
			);
			name = Frameworks;
			sourceTree = "<group>";
		};
/* End PBXGroup section */

/* Begin PBXNativeTarget section */
		71C5B12D2D442FF20009FC28 /* SDL_Simple */ = {
			isa = PBXNativeTarget;
			buildConfigurationList = 71C5B1352D442FF20009FC28 /* Build configuration list for PBXNativeTarget "SDL_Simple" */;
			buildPhases = (
				71C5B12A2D442FF20009FC28 /* Sources */,
				71C5B12B2D442FF20009FC28 /* Frameworks */,
				71C5B12C2D442FF20009FC28 /* Copy Files */,
			);
			buildRules = (
			);
			dependencies = (
			);
			name = SDL_Simple;
			productName = SDL_Simple;
			productReference = 71C5B12E2D442FF20009FC28 /* SDL_Simple */;
			productType = "com.apple.product-type.tool";
		};
/* End PBXNativeTarget section */

/* Begin PBXProject section */
		71C5B1262D442FF20009FC28 /* Project object */ = {
			isa = PBXProject;
			attributes = {
				BuildIndependentTargetsInParallel = 1;
				LastUpgradeCheck = 1500;
				TargetAttributes = {
					71C5B12D2D442FF20009FC28 = {
						CreatedOnToolsVersion = 15.0.1;
					};
				};
			};
			buildConfigurationList = 71C5B1292D442FF20009FC28 /* Build configuration list for PBXProject "SDL_Simple" */;
			compatibilityVersion = "Xcode 14.0";
			developmentRegion = en;
			hasScannedForEncodings = 0;
			knownRegions = (
				en,
				Base,
			);
			mainGroup = 71C5B1252D442FF20009FC28;
			productRefGroup = 71C5B12F2D442FF20009FC28 /* Products */;
			projectDirPath = "";
			projectRoot = "";
			targets = (
				71C5B12D2D442FF20009FC28 /* SDL_Simple */,
			);
		};
/* End PBXProject section */

/* Begin PBXSourcesBuildPhase section */
		71C5B12A2D442FF20009FC28 /* Sources */ = {
			isa = PBXSourcesBuildPhase;
			buildActionMask = 2147483647;
			files = (
				71C5B1322D442FF20009FC28 /* main.cpp in Sources */,
				71C5B13D2D44302D0009FC28 /* ShaderProgram.cpp in Sources */,
			);
			runOnlyForDeploymentPostprocessing = 0;
		};
/* End PBXSourcesBuildPhase section */

/* Begin XCBuildConfiguration section */
		71C5B1332D442FF20009FC28 /* Debug */ = {
			isa = XCBuildConfiguration;
			buildSettings = {
				ALWAYS_SEARCH_USER_PATHS = NO;
				ASSETCATALOG_COMPILER_GENERATE_SWIFT_ASSET_SYMBOL_EXTENSIONS = YES;
				CLANG_ANALYZER_NONNULL = YES;
				CLANG_ANALYZER_NUMBER_OBJECT_CONVERSION = YES_AGGRESSIVE;
				CLANG_CXX_LANGUAGE_STANDARD = "gnu++20";
				CLANG_ENABLE_MODULES = YES;
				CLANG_ENABLE_OBJC_ARC = YES;
				CLANG_ENABLE_OBJC_WEAK = YES;
				CLANG_WARN_BLOCK_CAPTURE_AUTORELEASING = YES;
				CLANG_WARN_BOOL_CONVERSION = YES;
				CLANG_WARN_COMMA = YES;
				CLANG_WARN_CONSTANT_CONVERSION = YES;
				CLANG_WARN_DEPRECATED_OBJC_IMPLEMENTATIONS = YES;
				CLANG_WARN_DIRECT_OBJC_ISA_USAGE = YES_ERROR;
				CLANG_WARN_DOCUMENTATION_COMMENTS = YES;
				CLANG_WARN_EMPTY_BODY = YES;
				CLANG_WARN_ENUM_CONVERSION = YES;
				CLANG_WARN_INFINITE_RECURSION = YES;
				CLANG_WARN_INT_CONVERSION = YES;
				CLANG_WARN_NON_LITERAL_NULL_CONVERSION = YES;
				CLANG_WARN_OBJC_IMPLICIT_RETAIN_SELF = YES;
				CLANG_WARN_OBJC_LITERAL_CONVERSION = YES;
				CLANG_WARN_OBJC_ROOT_CLASS = YES_ERROR;
				CLANG_WARN_QUOTED_INCLUDE_IN_FRAMEWORK_HEADER = YES;
				CLANG_WARN_RANGE_LOOP_ANALYSIS = YES;
				CLANG_WARN_STRICT_PROTOTYPES = YES;
				CLANG_WARN_SUSPICIOUS_MOVE = YES;
				CLANG_WARN_UNGUARDED_AVAILABILITY = YES_AGGRESSIVE;
				CLANG_WARN_UNREACHABLE_CODE = YES;
				CLANG_WARN__DUPLICATE_METHOD_MATCH = YES;
				COPY_PHASE_STRIP = NO;
				DEBUG_INFORMATION_FORMAT = dwarf;
				ENABLE_STRICT_OBJC_MSGSEND = YES;
				ENABLE_TESTABILITY = YES;
				ENABLE_USER_SCRIPT_SANDBOXING = YES;
				GCC_C_LANGUAGE_STANDARD = gnu17;
				GCC_DYNAMIC_NO_PIC = NO;
				GCC_NO_COMMON_BLOCKS = YES;
				GCC_OPTIMIZATION_LEVEL = 0;
				GCC_PREPROCESSOR_DEFINITIONS = (
					"DEBUG=1",
					"$(inherited)",
				);
				GCC_WARN_64_TO_32_BIT_CONVERSION = YES;
				GCC_WARN_ABOUT_RETURN_TYPE = YES_ERROR;
				GCC_WARN_UNDECLARED_SELECTOR = YES;
				GCC_WARN_UNINITIALIZED_AUTOS = YES_AGGRESSIVE;
				GCC_WARN_UNUSED_FUNCTION = YES;
				GCC_WARN_UNUSED_VARIABLE = YES;
				LOCALIZATION_PREFERS_STRING_CATALOGS = YES;
				MACOSX_DEPLOYMENT_TARGET = 14.0;
				MTL_ENABLE_DEBUG_INFO = INCLUDE_SOURCE;
				MTL_FAST_MATH = YES;
				ONLY_ACTIVE_ARCH = YES;
				SDKROOT = macosx;
			};
			name = Debug;
		};
		71C5B1342D442FF20009FC28 /* Release */ = {
			isa = XCBuildConfiguration;
			buildSettings = {
				ALWAYS_SEARCH_USER_PATHS = NO;
				ASSETCATALOG_COMPILER_GENERATE_SWIFT_ASSET_SYMBOL_EXTENSIONS = YES;
				CLANG_ANALYZER_NONNULL = YES;
				CLANG_ANALYZER_NUMBER_OBJECT_CONVERSION = YES_AGGRESSIVE;
				CLANG_CXX_LANGUAGE_STANDARD = "gnu++20";
				CLANG_ENABLE_MODULES = YES;
				CLANG_ENABLE_OBJC_ARC = YES;
				CLANG_ENABLE_OBJC_WEAK = YES;
				CLANG_WARN_BLOCK_CAPTURE_AUTORELEASING = YES;
				CLANG_WARN_BOOL_CONVERSION = YES;
				CLANG_WARN_COMMA = YES;
				CLANG_WARN_CONSTANT_CONVERSION = YES;
				CLANG_WARN_DEPRECATED_OBJC_IMPLEMENTATIONS = YES;
				CLANG_WARN_DIRECT_OBJC_ISA_USAGE = YES_ERROR;
				CLANG_WARN_DOCUMENTATION_COMMENTS = YES;
				CLANG_WARN_EMPTY_BODY = YES;
				CLANG_WARN_ENUM_CONVERSION = YES;
				CLANG_WARN_INFINITE_RECURSION = YES;
				CLANG_WARN_INT_CONVERSION = YES;
				CLANG_WARN_NON_LITERAL_NULL_CONVERSION = YES;
				CLANG_WARN_OBJC_IMPLICIT_RETAIN_SELF = YES;
				CLANG_WARN_OBJC_LITERAL_CONVERSION = YES;
				CLANG_WARN_OBJC_ROOT_CLASS = YES_ERROR;
				CLANG_WARN_QUOTED_INCLUDE_IN_FRAMEWORK_HEADER = YES;
				CLANG_WARN_RANGE_LOOP_ANALYSIS = YES;
				CLANG_WARN_STRICT_PROTOTYPES = YES;
				CLANG_WARN_SUSPICIOUS_MOVE = YES;
				CLANG_WARN_UNGUARDED_AVAILABILITY = YES_AGGRESSIVE;
				CLANG_WARN_UNREACHABLE_CODE = YES;
				CLANG_WARN__DUPLICATE_METHOD_MATCH = YES;
				COPY_PHASE_STRIP = NO;
				DEBUG_INFORMATION_FORMAT = "dwarf-with-dsym";
				ENABLE_NS_ASSERTIONS = NO;
				ENABLE_STRICT_OBJC_MSGSEND = YES;
				ENABLE_USER_SCRIPT_SANDBOXING = YES;
				GCC_C_LANGUAGE_STANDARD = gnu17;
				GCC_NO_COMMON_BLOCKS = YES;
				GCC_WARN_64_TO_32_BIT_CONVERSION = YES;
				GCC_WARN_ABOUT_RETURN_TYPE = YES_ERROR;
				GCC_WARN_UNDECLARED_SELECTOR = YES;
				GCC_WARN_UNINITIALIZED_AUTOS = YES_AGGRESSIVE;
				GCC_WARN_UNUSED_FUNCTION = YES;
				GCC_WARN_UNUSED_VARIABLE = YES;
				LOCALIZATION_PREFERS_STRING_CATALOGS = YES;
				MACOSX_DEPLOYMENT_TARGET = 14.0;
				MTL_ENABLE_DEBUG_INFO = NO;
				MTL_FAST_MATH = YES;
				SDKROOT = macosx;
			};
			name = Release;
		};
		71C5B1362D442FF20009FC28 /* Debug */ = {
			isa = XCBuildConfiguration;
			buildSettings = {
				CODE_SIGN_STYLE = Automatic;
				FRAMEWORK_SEARCH_PATHS = (
					"$(inherited)",
					"$(LOCAL_LIBRARY_DIR)/Frameworks",
				);
				HEADER_SEARCH_PATHS = (
					/Library/Frameworks/SDL2_image.framework/Versions/A/Headers,
					/Library/Frameworks/SDL2.framework/Versions/A/Headers,
				);
				PRODUCT_NAME = "$(TARGET_NAME)";
			};
			name = Debug;
		};
		71C5B1372D442FF20009FC28 /* Release */ = {
			isa = XCBuildConfiguration;
			buildSettings = {
				CODE_SIGN_STYLE = Automatic;
				FRAMEWORK_SEARCH_PATHS = (
					"$(inherited)",
					"$(LOCAL_LIBRARY_DIR)/Frameworks",
				);
				HEADER_SEARCH_PATHS = (
					/Library/Frameworks/SDL2_image.framework/Versions/A/Headers,
					/Library/Frameworks/SDL2.framework/Versions/A/Headers,
				);
				PRODUCT_NAME = "$(TARGET_NAME)";
			};
			name = Release;
		};
/* End XCBuildConfiguration section */

/* Begin XCConfigurationList section */
		71C5B1292D442FF20009FC28 /* Build configuration list for PBXProject "SDL_Simple" */ = {
			isa = XCConfigurationList;
			buildConfigurations = (
				71C5B1332D442FF20009FC28 /* Debug */,
				71C5B1342D442FF20009FC28 /* Release */,
			);
			defaultConfigurationIsVisible = 0;
			defaultConfigurationName = Release;
		};
		71C5B1352D442FF20009FC28 /* Build configuration list for PBXNativeTarget "SDL_Simple" */ = {
			isa = XCConfigurationList;
			buildConfigurations = (
				71C5B1362D442FF20009FC28 /* Debug */,
				71C5B1372D442FF20009FC28 /* Release */,
			);
			defaultConfigurationIsVisible = 0;
			defaultConfigurationName = Release;
		};
/* End XCConfigurationList section */
	};
	rootObject = 71C5B1262D442FF20009FC28 /* Project object */;
}
